// !$*UTF8*$!
{
	archiveVersion = 1;
	classes = {
	};
	objectVersion = 50;
	objects = {

/* Begin PBXBuildFile section */
		B6094038242CA20D00EFA191 /* event_v1.cpp in Sources */ = {isa = PBXBuildFile; fileRef = B6093FFF242CA20D00EFA191 /* event_v1.cpp */; };
		B6094039242CA20D00EFA191 /* event_v2.cpp in Sources */ = {isa = PBXBuildFile; fileRef = B6094003242CA20D00EFA191 /* event_v2.cpp */; };
		B609403A242CA20D00EFA191 /* timer.cpp in Sources */ = {isa = PBXBuildFile; fileRef = B609400E242CA20D00EFA191 /* timer.cpp */; };
		B609403B242CA20D00EFA191 /* state.cpp in Sources */ = {isa = PBXBuildFile; fileRef = B609400F242CA20D00EFA191 /* state.cpp */; };
		B609403C242CA20D00EFA191 /* mutex_v1.cpp in Sources */ = {isa = PBXBuildFile; fileRef = B6094010242CA20D00EFA191 /* mutex_v1.cpp */; };
		B609403D242CA20D00EFA191 /* mutex_v2.cpp in Sources */ = {isa = PBXBuildFile; fileRef = B6094014242CA20D00EFA191 /* mutex_v2.cpp */; };
		B609403E242CA20D00EFA191 /* scheduler.cpp in Sources */ = {isa = PBXBuildFile; fileRef = B6094017242CA20D00EFA191 /* scheduler.cpp */; };
		B609403F242CA20D00EFA191 /* when_v2.cpp in Sources */ = {isa = PBXBuildFile; fileRef = B6094020242CA20D00EFA191 /* when_v2.cpp */; };
		B6094040242CA20D00EFA191 /* sleep.cpp in Sources */ = {isa = PBXBuildFile; fileRef = B6094030242CA20D00EFA191 /* sleep.cpp */; };
		B6094041242CA20D00EFA191 /* rf_task.cpp in Sources */ = {isa = PBXBuildFile; fileRef = B6094036242CA20D00EFA191 /* rf_task.cpp */; };
		B6BAB788242C879600566C2F /* test_librf.cpp in Sources */ = {isa = PBXBuildFile; fileRef = B6BAB787242C879600566C2F /* test_librf.cpp */; };
		B6F0DB1F242CA6DF00E142D1 /* test_async_resumable.cpp in Sources */ = {isa = PBXBuildFile; fileRef = B6F0DB0A242CA6DE00E142D1 /* test_async_resumable.cpp */; };
		B6F0DB20242CA6DF00E142D1 /* test_async_multi_thread.cpp in Sources */ = {isa = PBXBuildFile; fileRef = B6F0DB0B242CA6DE00E142D1 /* test_async_multi_thread.cpp */; };
		B6F0DB21242CA6DF00E142D1 /* test_async_timer.cpp in Sources */ = {isa = PBXBuildFile; fileRef = B6F0DB0C242CA6DE00E142D1 /* test_async_timer.cpp */; };
		B6F0DB22242CA6DF00E142D1 /* test_async_mutex.cpp in Sources */ = {isa = PBXBuildFile; fileRef = B6F0DB0D242CA6DE00E142D1 /* test_async_mutex.cpp */; };
		B6F0DB23242CA6DF00E142D1 /* test_async_channel.cpp in Sources */ = {isa = PBXBuildFile; fileRef = B6F0DB0E242CA6DE00E142D1 /* test_async_channel.cpp */; };
		B6F0DB24242CA6DF00E142D1 /* test_async_cb.cpp in Sources */ = {isa = PBXBuildFile; fileRef = B6F0DB0F242CA6DE00E142D1 /* test_async_cb.cpp */; };
		B6F0DB25242CA6DF00E142D1 /* test_async_suspend_always.cpp in Sources */ = {isa = PBXBuildFile; fileRef = B6F0DB10242CA6DE00E142D1 /* test_async_suspend_always.cpp */; };
		B6F0DB26242CA6DF00E142D1 /* test_async_when_all.cpp in Sources */ = {isa = PBXBuildFile; fileRef = B6F0DB11242CA6DE00E142D1 /* test_async_when_all.cpp */; };
		B6F0DB27242CA6DF00E142D1 /* test_async_event.cpp in Sources */ = {isa = PBXBuildFile; fileRef = B6F0DB12242CA6DE00E142D1 /* test_async_event.cpp */; };
		B6F0DB28242CA6DF00E142D1 /* test_async_switch_scheduler.cpp in Sources */ = {isa = PBXBuildFile; fileRef = B6F0DB13242CA6DE00E142D1 /* test_async_switch_scheduler.cpp */; };
		B6F0DB29242CA6DF00E142D1 /* test_async_modern_cb.cpp in Sources */ = {isa = PBXBuildFile; fileRef = B6F0DB14242CA6DE00E142D1 /* test_async_modern_cb.cpp */; };
		B6F0DB2A242CA6DF00E142D1 /* test_async_memory_layout.cpp in Sources */ = {isa = PBXBuildFile; fileRef = B6F0DB15242CA6DE00E142D1 /* test_async_memory_layout.cpp */; };
		B6F0DB2B242CA6DF00E142D1 /* test_async_event_timeout.cpp in Sources */ = {isa = PBXBuildFile; fileRef = B6F0DB16242CA6DE00E142D1 /* test_async_event_timeout.cpp */; };
		B6F0DB2C242CA6DF00E142D1 /* test_async_channel_mult_thread.cpp in Sources */ = {isa = PBXBuildFile; fileRef = B6F0DB17242CA6DE00E142D1 /* test_async_channel_mult_thread.cpp */; };
		B6F0DB2D242CA6DF00E142D1 /* test_async_sleep.cpp in Sources */ = {isa = PBXBuildFile; fileRef = B6F0DB18242CA6DE00E142D1 /* test_async_sleep.cpp */; };
		B6F0DB2E242CA6DF00E142D1 /* test_async_routine.cpp in Sources */ = {isa = PBXBuildFile; fileRef = B6F0DB19242CA6DE00E142D1 /* test_async_routine.cpp */; };
		B6F0DB2F242CA6DF00E142D1 /* test_async_event_v2.cpp in Sources */ = {isa = PBXBuildFile; fileRef = B6F0DB1A242CA6DE00E142D1 /* test_async_event_v2.cpp */; };
		B6F0DB30242CA6DF00E142D1 /* test_async_dynamic_go.cpp in Sources */ = {isa = PBXBuildFile; fileRef = B6F0DB1B242CA6DE00E142D1 /* test_async_dynamic_go.cpp */; };
		B6F0DB31242CA6DF00E142D1 /* test_async_yield_return.cpp in Sources */ = {isa = PBXBuildFile; fileRef = B6F0DB1C242CA6DE00E142D1 /* test_async_yield_return.cpp */; };
		B6F0DB32242CA6DF00E142D1 /* test_async_exception.cpp in Sources */ = {isa = PBXBuildFile; fileRef = B6F0DB1E242CA6DF00E142D1 /* test_async_exception.cpp */; };
		B6F0DB37242CA70700E142D1 /* benchmark_channel_passing_next.cpp in Sources */ = {isa = PBXBuildFile; fileRef = B6F0DB34242CA70600E142D1 /* benchmark_channel_passing_next.cpp */; };
		B6F0DB38242CA70700E142D1 /* benchmark_async_mem.cpp in Sources */ = {isa = PBXBuildFile; fileRef = B6F0DB35242CA70600E142D1 /* benchmark_async_mem.cpp */; };
/* End PBXBuildFile section */

/* Begin PBXCopyFilesBuildPhase section */
		B6BAB77B242C870200566C2F /* CopyFiles */ = {
			isa = PBXCopyFilesBuildPhase;
			buildActionMask = 2147483647;
			dstPath = /usr/share/man/man1/;
			dstSubfolderSpec = 0;
			files = (
			);
			runOnlyForDeploymentPostprocessing = 1;
		};
/* End PBXCopyFilesBuildPhase section */

/* Begin PBXFileReference section */
		B6093FFF242CA20D00EFA191 /* event_v1.cpp */ = {isa = PBXFileReference; fileEncoding = 4; lastKnownFileType = sourcecode.cpp.cpp; path = event_v1.cpp; sourceTree = "<group>"; };
		B6094000242CA20D00EFA191 /* macro_def.inl */ = {isa = PBXFileReference; fileEncoding = 4; lastKnownFileType = text; path = macro_def.inl; sourceTree = "<group>"; };
		B6094001242CA20D00EFA191 /* spinlock.h */ = {isa = PBXFileReference; fileEncoding = 4; lastKnownFileType = sourcecode.c.h; path = spinlock.h; sourceTree = "<group>"; };
		B6094002242CA20D00EFA191 /* awaitable.h */ = {isa = PBXFileReference; fileEncoding = 4; lastKnownFileType = sourcecode.c.h; path = awaitable.h; sourceTree = "<group>"; };
		B6094003242CA20D00EFA191 /* event_v2.cpp */ = {isa = PBXFileReference; fileEncoding = 4; lastKnownFileType = sourcecode.cpp.cpp; path = event_v2.cpp; sourceTree = "<group>"; };
		B6094004242CA20D00EFA191 /* channel_v2.inl */ = {isa = PBXFileReference; fileEncoding = 4; lastKnownFileType = text; path = channel_v2.inl; sourceTree = "<group>"; };
		B6094005242CA20D00EFA191 /* sleep.h */ = {isa = PBXFileReference; fileEncoding = 4; lastKnownFileType = sourcecode.c.h; path = sleep.h; sourceTree = "<group>"; };
		B6094006242CA20D00EFA191 /* channel.h */ = {isa = PBXFileReference; fileEncoding = 4; lastKnownFileType = sourcecode.c.h; path = channel.h; sourceTree = "<group>"; };
		B6094007242CA20D00EFA191 /* future.h */ = {isa = PBXFileReference; fileEncoding = 4; lastKnownFileType = sourcecode.c.h; path = future.h; sourceTree = "<group>"; };
		B6094008242CA20D00EFA191 /* when_v2.h */ = {isa = PBXFileReference; fileEncoding = 4; lastKnownFileType = sourcecode.c.h; path = when_v2.h; sourceTree = "<group>"; };
		B6094009242CA20D00EFA191 /* mutex_v2.h */ = {isa = PBXFileReference; fileEncoding = 4; lastKnownFileType = sourcecode.c.h; path = mutex_v2.h; sourceTree = "<group>"; };
		B609400A242CA20D00EFA191 /* intrusive_link_queue.h */ = {isa = PBXFileReference; fileEncoding = 4; lastKnownFileType = sourcecode.c.h; path = intrusive_link_queue.h; sourceTree = "<group>"; };
		B609400B242CA20D00EFA191 /* event.h */ = {isa = PBXFileReference; fileEncoding = 4; lastKnownFileType = sourcecode.c.h; path = event.h; sourceTree = "<group>"; };
		B609400C242CA20D00EFA191 /* promise.inl */ = {isa = PBXFileReference; fileEncoding = 4; lastKnownFileType = text; path = promise.inl; sourceTree = "<group>"; };
		B609400D242CA20D00EFA191 /* scheduler.h */ = {isa = PBXFileReference; fileEncoding = 4; lastKnownFileType = sourcecode.c.h; path = scheduler.h; sourceTree = "<group>"; };
		B609400E242CA20D00EFA191 /* timer.cpp */ = {isa = PBXFileReference; fileEncoding = 4; lastKnownFileType = sourcecode.cpp.cpp; path = timer.cpp; sourceTree = "<group>"; };
		B609400F242CA20D00EFA191 /* state.cpp */ = {isa = PBXFileReference; fileEncoding = 4; lastKnownFileType = sourcecode.cpp.cpp; path = state.cpp; sourceTree = "<group>"; };
		B6094010242CA20D00EFA191 /* mutex_v1.cpp */ = {isa = PBXFileReference; fileEncoding = 4; lastKnownFileType = sourcecode.cpp.cpp; path = mutex_v1.cpp; sourceTree = "<group>"; };
		B6094011242CA20D00EFA191 /* ring_queue.h */ = {isa = PBXFileReference; fileEncoding = 4; lastKnownFileType = sourcecode.c.h; path = ring_queue.h; sourceTree = "<group>"; };
		B6094012242CA20D00EFA191 /* ring_queue_spinlock.h */ = {isa = PBXFileReference; fileEncoding = 4; lastKnownFileType = sourcecode.c.h; path = ring_queue_spinlock.h; sourceTree = "<group>"; };
		B6094013242CA20D00EFA191 /* yield.h */ = {isa = PBXFileReference; fileEncoding = 4; lastKnownFileType = sourcecode.c.h; path = yield.h; sourceTree = "<group>"; };
		B6094014242CA20D00EFA191 /* mutex_v2.cpp */ = {isa = PBXFileReference; fileEncoding = 4; lastKnownFileType = sourcecode.cpp.cpp; path = mutex_v2.cpp; sourceTree = "<group>"; };
		B6094015242CA20D00EFA191 /* ring_queue_lockfree.h */ = {isa = PBXFileReference; fileEncoding = 4; lastKnownFileType = sourcecode.c.h; path = ring_queue_lockfree.h; sourceTree = "<group>"; };
		B6094016242CA20D00EFA191 /* mutex_v1.h */ = {isa = PBXFileReference; fileEncoding = 4; lastKnownFileType = sourcecode.c.h; path = mutex_v1.h; sourceTree = "<group>"; };
		B6094017242CA20D00EFA191 /* scheduler.cpp */ = {isa = PBXFileReference; fileEncoding = 4; lastKnownFileType = sourcecode.cpp.cpp; path = scheduler.cpp; sourceTree = "<group>"; };
		B6094018242CA20D00EFA191 /* asio_task_1.10.0.inl */ = {isa = PBXFileReference; fileEncoding = 4; lastKnownFileType = text; path = asio_task_1.10.0.inl; sourceTree = "<group>"; };
		B6094019242CA20D00EFA191 /* current_scheduler.h */ = {isa = PBXFileReference; fileEncoding = 4; lastKnownFileType = sourcecode.c.h; path = current_scheduler.h; sourceTree = "<group>"; };
		B609401A242CA20D00EFA191 /* timer.h */ = {isa = PBXFileReference; fileEncoding = 4; lastKnownFileType = sourcecode.c.h; path = timer.h; sourceTree = "<group>"; };
		B609401B242CA20D00EFA191 /* switch_scheduler.h */ = {isa = PBXFileReference; fileEncoding = 4; lastKnownFileType = sourcecode.c.h; path = switch_scheduler.h; sourceTree = "<group>"; };
		B609401D242CA20D00EFA191 /* clang_builtin.h */ = {isa = PBXFileReference; fileEncoding = 4; lastKnownFileType = sourcecode.c.h; path = clang_builtin.h; sourceTree = "<group>"; };
		B609401E242CA20D00EFA191 /* coroutine.h */ = {isa = PBXFileReference; fileEncoding = 4; lastKnownFileType = sourcecode.c.h; path = coroutine.h; sourceTree = "<group>"; };
		B609401F242CA20D00EFA191 /* exception.inl */ = {isa = PBXFileReference; fileEncoding = 4; lastKnownFileType = text; path = exception.inl; sourceTree = "<group>"; };
		B6094020242CA20D00EFA191 /* when_v2.cpp */ = {isa = PBXFileReference; fileEncoding = 4; lastKnownFileType = sourcecode.cpp.cpp; path = when_v2.cpp; sourceTree = "<group>"; };
		B6094021242CA20D00EFA191 /* rf_task.h */ = {isa = PBXFileReference; fileEncoding = 4; lastKnownFileType = sourcecode.c.h; path = rf_task.h; sourceTree = "<group>"; };
		B6094022242CA20D00EFA191 /* asio_task_1.12.0.inl */ = {isa = PBXFileReference; fileEncoding = 4; lastKnownFileType = text; path = asio_task_1.12.0.inl; sourceTree = "<group>"; };
		B6094023242CA20D00EFA191 /* promise.h */ = {isa = PBXFileReference; fileEncoding = 4; lastKnownFileType = sourcecode.c.h; path = promise.h; sourceTree = "<group>"; };
		B6094024242CA20D00EFA191 /* event_v2.h */ = {isa = PBXFileReference; fileEncoding = 4; lastKnownFileType = sourcecode.c.h; path = event_v2.h; sourceTree = "<group>"; };
		B6094025242CA20D00EFA191 /* when.h */ = {isa = PBXFileReference; fileEncoding = 4; lastKnownFileType = sourcecode.c.h; path = when.h; sourceTree = "<group>"; };
		B6094026242CA20D00EFA191 /* channel_v2.h */ = {isa = PBXFileReference; fileEncoding = 4; lastKnownFileType = sourcecode.c.h; path = channel_v2.h; sourceTree = "<group>"; };
		B6094027242CA20D00EFA191 /* event_v2.inl */ = {isa = PBXFileReference; fileEncoding = 4; lastKnownFileType = text; path = event_v2.inl; sourceTree = "<group>"; };
		B6094028242CA20D00EFA191 /* _awaker.h */ = {isa = PBXFileReference; fileEncoding = 4; lastKnownFileType = sourcecode.c.h; path = _awaker.h; sourceTree = "<group>"; };
		B6094029242CA20D00EFA191 /* counted_ptr.h */ = {isa = PBXFileReference; fileEncoding = 4; lastKnownFileType = sourcecode.c.h; path = counted_ptr.h; sourceTree = "<group>"; };
		B609402A242CA20D00EFA191 /* mutex.h */ = {isa = PBXFileReference; fileEncoding = 4; lastKnownFileType = sourcecode.c.h; path = mutex.h; sourceTree = "<group>"; };
		B609402B242CA20D00EFA191 /* def.h */ = {isa = PBXFileReference; fileEncoding = 4; lastKnownFileType = sourcecode.c.h; path = def.h; sourceTree = "<group>"; };
		B609402C242CA20D00EFA191 /* asio_task.h */ = {isa = PBXFileReference; fileEncoding = 4; lastKnownFileType = sourcecode.c.h; path = asio_task.h; sourceTree = "<group>"; };
		B609402D242CA20D00EFA191 /* mutex_v2.inl */ = {isa = PBXFileReference; fileEncoding = 4; lastKnownFileType = text; path = mutex_v2.inl; sourceTree = "<group>"; };
		B609402E242CA20D00EFA191 /* state.h */ = {isa = PBXFileReference; fileEncoding = 4; lastKnownFileType = sourcecode.c.h; path = state.h; sourceTree = "<group>"; };
		B609402F242CA20D00EFA191 /* channel_v1.h */ = {isa = PBXFileReference; fileEncoding = 4; lastKnownFileType = sourcecode.c.h; path = channel_v1.h; sourceTree = "<group>"; };
		B6094030242CA20D00EFA191 /* sleep.cpp */ = {isa = PBXFileReference; fileEncoding = 4; lastKnownFileType = sourcecode.cpp.cpp; path = sleep.cpp; sourceTree = "<group>"; };
		B6094031242CA20D00EFA191 /* event_v1.h */ = {isa = PBXFileReference; fileEncoding = 4; lastKnownFileType = sourcecode.c.h; path = event_v1.h; sourceTree = "<group>"; };
		B6094032242CA20D00EFA191 /* type_traits.inl */ = {isa = PBXFileReference; fileEncoding = 4; lastKnownFileType = text; path = type_traits.inl; sourceTree = "<group>"; };
		B6094033242CA20D00EFA191 /* generator.h */ = {isa = PBXFileReference; fileEncoding = 4; lastKnownFileType = sourcecode.c.h; path = generator.h; sourceTree = "<group>"; };
		B6094034242CA20D00EFA191 /* state.inl */ = {isa = PBXFileReference; fileEncoding = 4; lastKnownFileType = text; path = state.inl; sourceTree = "<group>"; };
		B6094035242CA20D00EFA191 /* type_concept.inl */ = {isa = PBXFileReference; fileEncoding = 4; lastKnownFileType = text; path = type_concept.inl; sourceTree = "<group>"; };
		B6094036242CA20D00EFA191 /* rf_task.cpp */ = {isa = PBXFileReference; fileEncoding = 4; lastKnownFileType = sourcecode.cpp.cpp; path = rf_task.cpp; sourceTree = "<group>"; };
		B6094037242CA20D00EFA191 /* without_deadlock_assemble.inl */ = {isa = PBXFileReference; fileEncoding = 4; lastKnownFileType = text; path = without_deadlock_assemble.inl; sourceTree = "<group>"; };
		B6132287242C8A12003E7AB6 /* librf.h */ = {isa = PBXFileReference; fileEncoding = 4; lastKnownFileType = sourcecode.c.h; name = librf.h; path = ../librf/librf.h; sourceTree = "<group>"; };
		B6132288242C8A12003E7AB6 /* librf_macro.h */ = {isa = PBXFileReference; fileEncoding = 4; lastKnownFileType = sourcecode.c.h; name = librf_macro.h; path = ../librf/librf_macro.h; sourceTree = "<group>"; };
		B6BAB77D242C870200566C2F /* librf */ = {isa = PBXFileReference; explicitFileType = "compiled.mach-o.executable"; includeInIndex = 0; path = librf; sourceTree = BUILT_PRODUCTS_DIR; };
		B6BAB787242C879600566C2F /* test_librf.cpp */ = {isa = PBXFileReference; fileEncoding = 4; lastKnownFileType = sourcecode.cpp.cpp; name = test_librf.cpp; path = ../test_librf.cpp; sourceTree = "<group>"; };
		B6F0DB0A242CA6DE00E142D1 /* test_async_resumable.cpp */ = {isa = PBXFileReference; fileEncoding = 4; lastKnownFileType = sourcecode.cpp.cpp; name = test_async_resumable.cpp; path = ../../tutorial/test_async_resumable.cpp; sourceTree = "<group>"; };
		B6F0DB0B242CA6DE00E142D1 /* test_async_multi_thread.cpp */ = {isa = PBXFileReference; fileEncoding = 4; lastKnownFileType = sourcecode.cpp.cpp; name = test_async_multi_thread.cpp; path = ../../tutorial/test_async_multi_thread.cpp; sourceTree = "<group>"; };
		B6F0DB0C242CA6DE00E142D1 /* test_async_timer.cpp */ = {isa = PBXFileReference; fileEncoding = 4; lastKnownFileType = sourcecode.cpp.cpp; name = test_async_timer.cpp; path = ../../tutorial/test_async_timer.cpp; sourceTree = "<group>"; };
		B6F0DB0D242CA6DE00E142D1 /* test_async_mutex.cpp */ = {isa = PBXFileReference; fileEncoding = 4; lastKnownFileType = sourcecode.cpp.cpp; name = test_async_mutex.cpp; path = ../../tutorial/test_async_mutex.cpp; sourceTree = "<group>"; };
		B6F0DB0E242CA6DE00E142D1 /* test_async_channel.cpp */ = {isa = PBXFileReference; fileEncoding = 4; lastKnownFileType = sourcecode.cpp.cpp; name = test_async_channel.cpp; path = ../../tutorial/test_async_channel.cpp; sourceTree = "<group>"; };
		B6F0DB0F242CA6DE00E142D1 /* test_async_cb.cpp */ = {isa = PBXFileReference; fileEncoding = 4; lastKnownFileType = sourcecode.cpp.cpp; name = test_async_cb.cpp; path = ../../tutorial/test_async_cb.cpp; sourceTree = "<group>"; };
		B6F0DB10242CA6DE00E142D1 /* test_async_suspend_always.cpp */ = {isa = PBXFileReference; fileEncoding = 4; lastKnownFileType = sourcecode.cpp.cpp; name = test_async_suspend_always.cpp; path = ../../tutorial/test_async_suspend_always.cpp; sourceTree = "<group>"; };
		B6F0DB11242CA6DE00E142D1 /* test_async_when_all.cpp */ = {isa = PBXFileReference; fileEncoding = 4; lastKnownFileType = sourcecode.cpp.cpp; name = test_async_when_all.cpp; path = ../../tutorial/test_async_when_all.cpp; sourceTree = "<group>"; };
		B6F0DB12242CA6DE00E142D1 /* test_async_event.cpp */ = {isa = PBXFileReference; fileEncoding = 4; lastKnownFileType = sourcecode.cpp.cpp; name = test_async_event.cpp; path = ../../tutorial/test_async_event.cpp; sourceTree = "<group>"; };
		B6F0DB13242CA6DE00E142D1 /* test_async_switch_scheduler.cpp */ = {isa = PBXFileReference; fileEncoding = 4; lastKnownFileType = sourcecode.cpp.cpp; name = test_async_switch_scheduler.cpp; path = ../../tutorial/test_async_switch_scheduler.cpp; sourceTree = "<group>"; };
		B6F0DB14242CA6DE00E142D1 /* test_async_modern_cb.cpp */ = {isa = PBXFileReference; fileEncoding = 4; lastKnownFileType = sourcecode.cpp.cpp; name = test_async_modern_cb.cpp; path = ../../tutorial/test_async_modern_cb.cpp; sourceTree = "<group>"; };
		B6F0DB15242CA6DE00E142D1 /* test_async_memory_layout.cpp */ = {isa = PBXFileReference; fileEncoding = 4; lastKnownFileType = sourcecode.cpp.cpp; name = test_async_memory_layout.cpp; path = ../../tutorial/test_async_memory_layout.cpp; sourceTree = "<group>"; };
		B6F0DB16242CA6DE00E142D1 /* test_async_event_timeout.cpp */ = {isa = PBXFileReference; fileEncoding = 4; lastKnownFileType = sourcecode.cpp.cpp; name = test_async_event_timeout.cpp; path = ../../tutorial/test_async_event_timeout.cpp; sourceTree = "<group>"; };
		B6F0DB17242CA6DE00E142D1 /* test_async_channel_mult_thread.cpp */ = {isa = PBXFileReference; fileEncoding = 4; lastKnownFileType = sourcecode.cpp.cpp; name = test_async_channel_mult_thread.cpp; path = ../../tutorial/test_async_channel_mult_thread.cpp; sourceTree = "<group>"; };
		B6F0DB18242CA6DE00E142D1 /* test_async_sleep.cpp */ = {isa = PBXFileReference; fileEncoding = 4; lastKnownFileType = sourcecode.cpp.cpp; name = test_async_sleep.cpp; path = ../../tutorial/test_async_sleep.cpp; sourceTree = "<group>"; };
		B6F0DB19242CA6DE00E142D1 /* test_async_routine.cpp */ = {isa = PBXFileReference; fileEncoding = 4; lastKnownFileType = sourcecode.cpp.cpp; name = test_async_routine.cpp; path = ../../tutorial/test_async_routine.cpp; sourceTree = "<group>"; };
		B6F0DB1A242CA6DE00E142D1 /* test_async_event_v2.cpp */ = {isa = PBXFileReference; fileEncoding = 4; lastKnownFileType = sourcecode.cpp.cpp; name = test_async_event_v2.cpp; path = ../../tutorial/test_async_event_v2.cpp; sourceTree = "<group>"; };
		B6F0DB1B242CA6DE00E142D1 /* test_async_dynamic_go.cpp */ = {isa = PBXFileReference; fileEncoding = 4; lastKnownFileType = sourcecode.cpp.cpp; name = test_async_dynamic_go.cpp; path = ../../tutorial/test_async_dynamic_go.cpp; sourceTree = "<group>"; };
		B6F0DB1C242CA6DE00E142D1 /* test_async_yield_return.cpp */ = {isa = PBXFileReference; fileEncoding = 4; lastKnownFileType = sourcecode.cpp.cpp; name = test_async_yield_return.cpp; path = ../../tutorial/test_async_yield_return.cpp; sourceTree = "<group>"; };
		B6F0DB1D242CA6DE00E142D1 /* test_ring_queue.h */ = {isa = PBXFileReference; fileEncoding = 4; lastKnownFileType = sourcecode.c.h; name = test_ring_queue.h; path = ../../tutorial/test_ring_queue.h; sourceTree = "<group>"; };
		B6F0DB1E242CA6DF00E142D1 /* test_async_exception.cpp */ = {isa = PBXFileReference; fileEncoding = 4; lastKnownFileType = sourcecode.cpp.cpp; name = test_async_exception.cpp; path = ../../tutorial/test_async_exception.cpp; sourceTree = "<group>"; };
		B6F0DB34242CA70600E142D1 /* benchmark_channel_passing_next.cpp */ = {isa = PBXFileReference; fileEncoding = 4; lastKnownFileType = sourcecode.cpp.cpp; name = benchmark_channel_passing_next.cpp; path = ../../benchmark/benchmark_channel_passing_next.cpp; sourceTree = "<group>"; };
		B6F0DB35242CA70600E142D1 /* benchmark_async_mem.cpp */ = {isa = PBXFileReference; fileEncoding = 4; lastKnownFileType = sourcecode.cpp.cpp; name = benchmark_async_mem.cpp; path = ../../benchmark/benchmark_async_mem.cpp; sourceTree = "<group>"; };
/* End PBXFileReference section */

/* Begin PBXFrameworksBuildPhase section */
		B6BAB77A242C870200566C2F /* Frameworks */ = {
			isa = PBXFrameworksBuildPhase;
			buildActionMask = 2147483647;
			files = (
			);
			runOnlyForDeploymentPostprocessing = 0;
		};
/* End PBXFrameworksBuildPhase section */

/* Begin PBXGroup section */
		B6093FFE242CA20D00EFA191 /* src */ = {
			isa = PBXGroup;
			children = (
				B6093FFF242CA20D00EFA191 /* event_v1.cpp */,
				B6094000242CA20D00EFA191 /* macro_def.inl */,
				B6094001242CA20D00EFA191 /* spinlock.h */,
				B6094002242CA20D00EFA191 /* awaitable.h */,
				B6094003242CA20D00EFA191 /* event_v2.cpp */,
				B6094004242CA20D00EFA191 /* channel_v2.inl */,
				B6094005242CA20D00EFA191 /* sleep.h */,
				B6094006242CA20D00EFA191 /* channel.h */,
				B6094007242CA20D00EFA191 /* future.h */,
				B6094008242CA20D00EFA191 /* when_v2.h */,
				B6094009242CA20D00EFA191 /* mutex_v2.h */,
				B609400A242CA20D00EFA191 /* intrusive_link_queue.h */,
				B609400B242CA20D00EFA191 /* event.h */,
				B609400C242CA20D00EFA191 /* promise.inl */,
				B609400D242CA20D00EFA191 /* scheduler.h */,
				B609400E242CA20D00EFA191 /* timer.cpp */,
				B609400F242CA20D00EFA191 /* state.cpp */,
				B6094010242CA20D00EFA191 /* mutex_v1.cpp */,
				B6094011242CA20D00EFA191 /* ring_queue.h */,
				B6094012242CA20D00EFA191 /* ring_queue_spinlock.h */,
				B6094013242CA20D00EFA191 /* yield.h */,
				B6094014242CA20D00EFA191 /* mutex_v2.cpp */,
				B6094015242CA20D00EFA191 /* ring_queue_lockfree.h */,
				B6094016242CA20D00EFA191 /* mutex_v1.h */,
				B6094017242CA20D00EFA191 /* scheduler.cpp */,
				B6094018242CA20D00EFA191 /* asio_task_1.10.0.inl */,
				B6094019242CA20D00EFA191 /* current_scheduler.h */,
				B609401A242CA20D00EFA191 /* timer.h */,
				B609401B242CA20D00EFA191 /* switch_scheduler.h */,
				B609401C242CA20D00EFA191 /* unix */,
				B609401F242CA20D00EFA191 /* exception.inl */,
				B6094020242CA20D00EFA191 /* when_v2.cpp */,
				B6094021242CA20D00EFA191 /* rf_task.h */,
				B6094022242CA20D00EFA191 /* asio_task_1.12.0.inl */,
				B6094023242CA20D00EFA191 /* promise.h */,
				B6094024242CA20D00EFA191 /* event_v2.h */,
				B6094025242CA20D00EFA191 /* when.h */,
				B6094026242CA20D00EFA191 /* channel_v2.h */,
				B6094027242CA20D00EFA191 /* event_v2.inl */,
				B6094028242CA20D00EFA191 /* _awaker.h */,
				B6094029242CA20D00EFA191 /* counted_ptr.h */,
				B609402A242CA20D00EFA191 /* mutex.h */,
				B609402B242CA20D00EFA191 /* def.h */,
				B609402C242CA20D00EFA191 /* asio_task.h */,
				B609402D242CA20D00EFA191 /* mutex_v2.inl */,
				B609402E242CA20D00EFA191 /* state.h */,
				B609402F242CA20D00EFA191 /* channel_v1.h */,
				B6094030242CA20D00EFA191 /* sleep.cpp */,
				B6094031242CA20D00EFA191 /* event_v1.h */,
				B6094032242CA20D00EFA191 /* type_traits.inl */,
				B6094033242CA20D00EFA191 /* generator.h */,
				B6094034242CA20D00EFA191 /* state.inl */,
				B6094035242CA20D00EFA191 /* type_concept.inl */,
				B6094036242CA20D00EFA191 /* rf_task.cpp */,
				B6094037242CA20D00EFA191 /* without_deadlock_assemble.inl */,
			);
			name = src;
			path = ../librf/src;
			sourceTree = "<group>";
		};
		B609401C242CA20D00EFA191 /* unix */ = {
			isa = PBXGroup;
			children = (
				B609401D242CA20D00EFA191 /* clang_builtin.h */,
				B609401E242CA20D00EFA191 /* coroutine.h */,
			);
			path = unix;
			sourceTree = "<group>";
		};
		B6BAB774242C870200566C2F = {
			isa = PBXGroup;
			children = (
				B6F0DB33242CA6F800E142D1 /* benchmark */,
				B6F0DB09242CA6C500E142D1 /* tutorial */,
				B6093FFE242CA20D00EFA191 /* src */,
				B6132288242C8A12003E7AB6 /* librf_macro.h */,
				B6132287242C8A12003E7AB6 /* librf.h */,
				B6BAB787242C879600566C2F /* test_librf.cpp */,
				B6BAB77E242C870200566C2F /* Products */,
			);
			sourceTree = "<group>";
		};
		B6BAB77E242C870200566C2F /* Products */ = {
			isa = PBXGroup;
			children = (
				B6BAB77D242C870200566C2F /* librf */,
			);
			name = Products;
			sourceTree = "<group>";
		};
		B6F0DB09242CA6C500E142D1 /* tutorial */ = {
			isa = PBXGroup;
			children = (
				B6F0DB0F242CA6DE00E142D1 /* test_async_cb.cpp */,
				B6F0DB17242CA6DE00E142D1 /* test_async_channel_mult_thread.cpp */,
				B6F0DB0E242CA6DE00E142D1 /* test_async_channel.cpp */,
				B6F0DB1B242CA6DE00E142D1 /* test_async_dynamic_go.cpp */,
				B6F0DB16242CA6DE00E142D1 /* test_async_event_timeout.cpp */,
				B6F0DB1A242CA6DE00E142D1 /* test_async_event_v2.cpp */,
				B6F0DB12242CA6DE00E142D1 /* test_async_event.cpp */,
				B6F0DB1E242CA6DF00E142D1 /* test_async_exception.cpp */,
				B6F0DB15242CA6DE00E142D1 /* test_async_memory_layout.cpp */,
				B6F0DB14242CA6DE00E142D1 /* test_async_modern_cb.cpp */,
				B6F0DB0B242CA6DE00E142D1 /* test_async_multi_thread.cpp */,
				B6F0DB0D242CA6DE00E142D1 /* test_async_mutex.cpp */,
				B6F0DB0A242CA6DE00E142D1 /* test_async_resumable.cpp */,
				B6F0DB19242CA6DE00E142D1 /* test_async_routine.cpp */,
				B6F0DB18242CA6DE00E142D1 /* test_async_sleep.cpp */,
				B6F0DB10242CA6DE00E142D1 /* test_async_suspend_always.cpp */,
				B6F0DB13242CA6DE00E142D1 /* test_async_switch_scheduler.cpp */,
				B6F0DB0C242CA6DE00E142D1 /* test_async_timer.cpp */,
				B6F0DB11242CA6DE00E142D1 /* test_async_when_all.cpp */,
				B6F0DB1C242CA6DE00E142D1 /* test_async_yield_return.cpp */,
				B6F0DB1D242CA6DE00E142D1 /* test_ring_queue.h */,
			);
			path = tutorial;
			sourceTree = "<group>";
		};
		B6F0DB33242CA6F800E142D1 /* benchmark */ = {
			isa = PBXGroup;
			children = (
				B6F0DB35242CA70600E142D1 /* benchmark_async_mem.cpp */,
				B6F0DB34242CA70600E142D1 /* benchmark_channel_passing_next.cpp */,
			);
			path = benchmark;
			sourceTree = "<group>";
		};
/* End PBXGroup section */

/* Begin PBXNativeTarget section */
		B6BAB77C242C870200566C2F /* librf */ = {
			isa = PBXNativeTarget;
			buildConfigurationList = B6BAB784242C870200566C2F /* Build configuration list for PBXNativeTarget "librf" */;
			buildPhases = (
				B6BAB779242C870200566C2F /* Sources */,
				B6BAB77A242C870200566C2F /* Frameworks */,
				B6BAB77B242C870200566C2F /* CopyFiles */,
			);
			buildRules = (
			);
			dependencies = (
			);
			name = librf;
			productName = librf;
			productReference = B6BAB77D242C870200566C2F /* librf */;
			productType = "com.apple.product-type.tool";
		};
/* End PBXNativeTarget section */

/* Begin PBXProject section */
		B6BAB775242C870200566C2F /* Project object */ = {
			isa = PBXProject;
			attributes = {
				LastUpgradeCheck = 1120;
				ORGANIZATIONNAME = tearshark;
				TargetAttributes = {
					B6BAB77C242C870200566C2F = {
						CreatedOnToolsVersion = 11.2.1;
					};
				};
			};
			buildConfigurationList = B6BAB778242C870200566C2F /* Build configuration list for PBXProject "librf" */;
			compatibilityVersion = "Xcode 9.3";
			developmentRegion = en;
			hasScannedForEncodings = 0;
			knownRegions = (
				en,
				Base,
			);
			mainGroup = B6BAB774242C870200566C2F;
			productRefGroup = B6BAB77E242C870200566C2F /* Products */;
			projectDirPath = "";
			projectRoot = "";
			targets = (
				B6BAB77C242C870200566C2F /* librf */,
			);
		};
/* End PBXProject section */

/* Begin PBXSourcesBuildPhase section */
		B6BAB779242C870200566C2F /* Sources */ = {
			isa = PBXSourcesBuildPhase;
			buildActionMask = 2147483647;
			files = (
				B6F0DB38242CA70700E142D1 /* benchmark_async_mem.cpp in Sources */,
				B609403B242CA20D00EFA191 /* state.cpp in Sources */,
				B6F0DB22242CA6DF00E142D1 /* test_async_mutex.cpp in Sources */,
				B6F0DB28242CA6DF00E142D1 /* test_async_switch_scheduler.cpp in Sources */,
				B6F0DB24242CA6DF00E142D1 /* test_async_cb.cpp in Sources */,
				B609403D242CA20D00EFA191 /* mutex_v2.cpp in Sources */,
				B6F0DB2C242CA6DF00E142D1 /* test_async_channel_mult_thread.cpp in Sources */,
				B6BAB788242C879600566C2F /* test_librf.cpp in Sources */,
				B6094041242CA20D00EFA191 /* rf_task.cpp in Sources */,
				B6F0DB37242CA70700E142D1 /* benchmark_channel_passing_next.cpp in Sources */,
				B6F0DB21242CA6DF00E142D1 /* test_async_timer.cpp in Sources */,
				B6F0DB27242CA6DF00E142D1 /* test_async_event.cpp in Sources */,
				B6094040242CA20D00EFA191 /* sleep.cpp in Sources */,
				B6094039242CA20D00EFA191 /* event_v2.cpp in Sources */,
				B6F0DB31242CA6DF00E142D1 /* test_async_yield_return.cpp in Sources */,
				B6094038242CA20D00EFA191 /* event_v1.cpp in Sources */,
				B609403F242CA20D00EFA191 /* when_v2.cpp in Sources */,
				B6F0DB26242CA6DF00E142D1 /* test_async_when_all.cpp in Sources */,
				B6F0DB2A242CA6DF00E142D1 /* test_async_memory_layout.cpp in Sources */,
				B6F0DB2D242CA6DF00E142D1 /* test_async_sleep.cpp in Sources */,
				B6F0DB2E242CA6DF00E142D1 /* test_async_routine.cpp in Sources */,
				B6F0DB29242CA6DF00E142D1 /* test_async_modern_cb.cpp in Sources */,
				B609403E242CA20D00EFA191 /* scheduler.cpp in Sources */,
				B6F0DB2B242CA6DF00E142D1 /* test_async_event_timeout.cpp in Sources */,
				B6F0DB30242CA6DF00E142D1 /* test_async_dynamic_go.cpp in Sources */,
				B6F0DB1F242CA6DF00E142D1 /* test_async_resumable.cpp in Sources */,
				B6F0DB23242CA6DF00E142D1 /* test_async_channel.cpp in Sources */,
				B6F0DB32242CA6DF00E142D1 /* test_async_exception.cpp in Sources */,
				B6F0DB25242CA6DF00E142D1 /* test_async_suspend_always.cpp in Sources */,
				B609403C242CA20D00EFA191 /* mutex_v1.cpp in Sources */,
				B6F0DB2F242CA6DF00E142D1 /* test_async_event_v2.cpp in Sources */,
				B6F0DB20242CA6DF00E142D1 /* test_async_multi_thread.cpp in Sources */,
				B609403A242CA20D00EFA191 /* timer.cpp in Sources */,
			);
			runOnlyForDeploymentPostprocessing = 0;
		};
/* End PBXSourcesBuildPhase section */

/* Begin XCBuildConfiguration section */
		B6BAB782242C870200566C2F /* Debug */ = {
			isa = XCBuildConfiguration;
			buildSettings = {
				ALWAYS_SEARCH_USER_PATHS = NO;
				CLANG_ANALYZER_NONNULL = YES;
				CLANG_ANALYZER_NUMBER_OBJECT_CONVERSION = YES_AGGRESSIVE;
				CLANG_CXX_LANGUAGE_STANDARD = "c++2a";
				CLANG_CXX_LIBRARY = "libc++";
				CLANG_ENABLE_MODULES = YES;
				CLANG_ENABLE_OBJC_ARC = YES;
				CLANG_ENABLE_OBJC_WEAK = YES;
				CLANG_WARN_BLOCK_CAPTURE_AUTORELEASING = YES;
				CLANG_WARN_BOOL_CONVERSION = YES;
				CLANG_WARN_COMMA = YES;
				CLANG_WARN_CONSTANT_CONVERSION = YES;
				CLANG_WARN_DEPRECATED_OBJC_IMPLEMENTATIONS = YES;
				CLANG_WARN_DIRECT_OBJC_ISA_USAGE = YES_ERROR;
				CLANG_WARN_DOCUMENTATION_COMMENTS = YES;
				CLANG_WARN_EMPTY_BODY = YES;
				CLANG_WARN_ENUM_CONVERSION = YES;
				CLANG_WARN_INFINITE_RECURSION = YES;
				CLANG_WARN_INT_CONVERSION = YES;
				CLANG_WARN_NON_LITERAL_NULL_CONVERSION = YES;
				CLANG_WARN_OBJC_IMPLICIT_RETAIN_SELF = YES;
				CLANG_WARN_OBJC_LITERAL_CONVERSION = YES;
				CLANG_WARN_OBJC_ROOT_CLASS = YES_ERROR;
				CLANG_WARN_RANGE_LOOP_ANALYSIS = YES;
				CLANG_WARN_STRICT_PROTOTYPES = YES;
				CLANG_WARN_SUSPICIOUS_MOVE = YES;
				CLANG_WARN_UNGUARDED_AVAILABILITY = YES_AGGRESSIVE;
				CLANG_WARN_UNREACHABLE_CODE = YES;
				CLANG_WARN__DUPLICATE_METHOD_MATCH = YES;
				COPY_PHASE_STRIP = NO;
				DEBUG_INFORMATION_FORMAT = dwarf;
				ENABLE_STRICT_OBJC_MSGSEND = YES;
				ENABLE_TESTABILITY = YES;
				GCC_C_LANGUAGE_STANDARD = gnu11;
				GCC_DYNAMIC_NO_PIC = NO;
				GCC_NO_COMMON_BLOCKS = YES;
				GCC_OPTIMIZATION_LEVEL = 0;
				GCC_PREPROCESSOR_DEFINITIONS = (
					"DEBUG=1",
					"RESUMEF_ENABLE_MULT_SCHEDULER=1",
					"$(inherited)",
				);
				GCC_WARN_64_TO_32_BIT_CONVERSION = YES;
				GCC_WARN_ABOUT_RETURN_TYPE = YES_ERROR;
				GCC_WARN_UNDECLARED_SELECTOR = YES;
				GCC_WARN_UNINITIALIZED_AUTOS = YES_AGGRESSIVE;
				GCC_WARN_UNUSED_FUNCTION = YES;
				GCC_WARN_UNUSED_VARIABLE = YES;
				HEADER_SEARCH_PATHS = ../librf;
				MACOSX_DEPLOYMENT_TARGET = 10.15;
				MTL_ENABLE_DEBUG_INFO = INCLUDE_SOURCE;
				MTL_FAST_MATH = YES;
				ONLY_ACTIVE_ARCH = YES;
				OTHER_CPLUSPLUSFLAGS = (
					"$(OTHER_CFLAGS)",
					"-fcoroutines-ts",
				);
				RESUMEF_ENABLE_MULT_SCHEDULER = 1;
				SDKROOT = macosx;
			};
			name = Debug;
		};
		B6BAB783242C870200566C2F /* Release */ = {
			isa = XCBuildConfiguration;
			buildSettings = {
				ALWAYS_SEARCH_USER_PATHS = NO;
				CLANG_ANALYZER_NONNULL = YES;
				CLANG_ANALYZER_NUMBER_OBJECT_CONVERSION = YES_AGGRESSIVE;
				CLANG_CXX_LANGUAGE_FLAGS = "-fcoroutines-ts";
				CLANG_CXX_LANGUAGE_STANDARD = "c++2a";
				CLANG_CXX_LIBRARY = "libc++";
				CLANG_ENABLE_MODULES = YES;
				CLANG_ENABLE_OBJC_ARC = YES;
				CLANG_ENABLE_OBJC_WEAK = YES;
				CLANG_WARN_BLOCK_CAPTURE_AUTORELEASING = YES;
				CLANG_WARN_BOOL_CONVERSION = YES;
				CLANG_WARN_COMMA = YES;
				CLANG_WARN_CONSTANT_CONVERSION = YES;
				CLANG_WARN_DEPRECATED_OBJC_IMPLEMENTATIONS = YES;
				CLANG_WARN_DIRECT_OBJC_ISA_USAGE = YES_ERROR;
				CLANG_WARN_DOCUMENTATION_COMMENTS = YES;
				CLANG_WARN_EMPTY_BODY = YES;
				CLANG_WARN_ENUM_CONVERSION = YES;
				CLANG_WARN_INFINITE_RECURSION = YES;
				CLANG_WARN_INT_CONVERSION = YES;
				CLANG_WARN_NON_LITERAL_NULL_CONVERSION = YES;
				CLANG_WARN_OBJC_IMPLICIT_RETAIN_SELF = YES;
				CLANG_WARN_OBJC_LITERAL_CONVERSION = YES;
				CLANG_WARN_OBJC_ROOT_CLASS = YES_ERROR;
				CLANG_WARN_RANGE_LOOP_ANALYSIS = YES;
				CLANG_WARN_STRICT_PROTOTYPES = YES;
				CLANG_WARN_SUSPICIOUS_MOVE = YES;
				CLANG_WARN_UNGUARDED_AVAILABILITY = YES_AGGRESSIVE;
				CLANG_WARN_UNREACHABLE_CODE = YES;
				CLANG_WARN__DUPLICATE_METHOD_MATCH = YES;
				COPY_PHASE_STRIP = NO;
				DEBUG_INFORMATION_FORMAT = "dwarf-with-dsym";
				ENABLE_NS_ASSERTIONS = NO;
				ENABLE_STRICT_OBJC_MSGSEND = YES;
				GCC_C_LANGUAGE_STANDARD = gnu11;
				GCC_NO_COMMON_BLOCKS = YES;
				GCC_PREPROCESSOR_DEFINITIONS = "RESUMEF_ENABLE_MULT_SCHEDULER=1";
				GCC_WARN_64_TO_32_BIT_CONVERSION = YES;
				GCC_WARN_ABOUT_RETURN_TYPE = YES_ERROR;
				GCC_WARN_UNDECLARED_SELECTOR = YES;
				GCC_WARN_UNINITIALIZED_AUTOS = YES_AGGRESSIVE;
				GCC_WARN_UNUSED_FUNCTION = YES;
				GCC_WARN_UNUSED_VARIABLE = YES;
				HEADER_SEARCH_PATHS = ../librf;
				MACOSX_DEPLOYMENT_TARGET = 10.15;
				MTL_ENABLE_DEBUG_INFO = NO;
				MTL_FAST_MATH = YES;
				OTHER_CPLUSPLUSFLAGS = (
					"$(OTHER_CFLAGS)",
					"-fcoroutines-ts",
				);
				RESUMEF_ENABLE_MULT_SCHEDULER = 1;
				SDKROOT = macosx;
			};
			name = Release;
		};
		B6BAB785242C870200566C2F /* Debug */ = {
			isa = XCBuildConfiguration;
			buildSettings = {
				CODE_SIGN_STYLE = Automatic;
				PRODUCT_NAME = "$(TARGET_NAME)";
			};
			name = Debug;
		};
		B6BAB786242C870200566C2F /* Release */ = {
			isa = XCBuildConfiguration;
			buildSettings = {
				CODE_SIGN_STYLE = Automatic;
				PRODUCT_NAME = "$(TARGET_NAME)";
			};
			name = Release;
		};
/* End XCBuildConfiguration section */

/* Begin XCConfigurationList section */
		B6BAB778242C870200566C2F /* Build configuration list for PBXProject "librf" */ = {
			isa = XCConfigurationList;
			buildConfigurations = (
				B6BAB782242C870200566C2F /* Debug */,
				B6BAB783242C870200566C2F /* Release */,
			);
			defaultConfigurationIsVisible = 0;
			defaultConfigurationName = Release;
		};
		B6BAB784242C870200566C2F /* Build configuration list for PBXNativeTarget "librf" */ = {
			isa = XCConfigurationList;
			buildConfigurations = (
				B6BAB785242C870200566C2F /* Debug */,
				B6BAB786242C870200566C2F /* Release */,
			);
			defaultConfigurationIsVisible = 0;
			defaultConfigurationName = Release;
		};
/* End XCConfigurationList section */
	};
	rootObject = B6BAB775242C870200566C2F /* Project object */;
}
